{
  "nodes": {
    "crane": {
      "locked": {
        "lastModified": 1756705356,
        "narHash": "sha256-dpBFe8SqYKr7W6KN5QOVCr8N76SBKwTslzjw+4BVBVs=",
        "owner": "ipetkov",
        "repo": "crane",
        "rev": "305707bbc27d83aa1039378e91d7dd816f4cac10",
        "type": "github"
      },
      "original": {
        "owner": "ipetkov",
        "repo": "crane",
        "type": "github"
      }
    },
    "nixpkgs": {
      "locked": {
        "lastModified": 1756830120,
        "narHash": "sha256-KEt9iDhtTN5hjbgrCrwNTWNGPNMOg5txRrDDWWABcXI=",
        "owner": "nixos",
        "repo": "nixpkgs",
        "rev": "08846d0aa16a94e2977c2d3fb8c6f4312f3b3865",
        "type": "github"
      },
      "original": {
        "owner": "nixos",
        "repo": "nixpkgs",
        "type": "github"
      }
    },
    "root": {
      "inputs": {
        "crane": "crane",
        "nixpkgs": "nixpkgs"
      }
    }
  },
  "root": "root",
  "version": 7
}
